{
  "name": "proneutron",
  "version": "0.0.1",
  "lockfileVersion": 3,
  "requires": true,
  "packages": {
    "": {
      "name": "proneutron",
      "version": "0.0.1",
      "license": "MIT",
      "dependencies": {
        "@yalesites-org/tokens": "^1.21.6"
      }
    },
    "node_modules/@yalesites-org/tokens": {
      "version": "1.21.6",
      "resolved": "https://npm.pkg.github.com/download/@yalesites-org/tokens/1.21.6/77f1116b7115a2b24a3377b2bfb6a08406eab565",
      "integrity": "sha512-iBtmynBLCh71OU+vX7VGx8LtcUf8TbjEGTvvv4vOdNYg8yG1fw9ivcigjILcAN9h7lSQdr6h3QAdVJRPsJYyOg=="
    }
  }
}
